// !$*UTF8*$!
{
	archiveVersion = 1;
	classes = {
	};
	objectVersion = 46;
	objects = {

/* Begin PBXBuildFile section */
		3A49F54C20AF0AF100EAC4F9 /* AppDelegate.swift in Sources */ = {isa = PBXBuildFile; fileRef = 3A49F54B20AF0AF100EAC4F9 /* AppDelegate.swift */; };
		3A49F54E20AF0AF100EAC4F9 /* ViewController.swift in Sources */ = {isa = PBXBuildFile; fileRef = 3A49F54D20AF0AF100EAC4F9 /* ViewController.swift */; };
		3A49F55120AF0AF100EAC4F9 /* Main.storyboard in Resources */ = {isa = PBXBuildFile; fileRef = 3A49F54F20AF0AF100EAC4F9 /* Main.storyboard */; };
		3A49F55320AF0AF200EAC4F9 /* Assets.xcassets in Resources */ = {isa = PBXBuildFile; fileRef = 3A49F55220AF0AF200EAC4F9 /* Assets.xcassets */; };
		3A49F55620AF0AF200EAC4F9 /* LaunchScreen.storyboard in Resources */ = {isa = PBXBuildFile; fileRef = 3A49F55420AF0AF200EAC4F9 /* LaunchScreen.storyboard */; };
		3A54DBD2213418C500D44275 /* SitumSDK.framework in Frameworks */ = {isa = PBXBuildFile; fileRef = 3A54DBD1213418C500D44275 /* SitumSDK.framework */; };
		3AE7F0E020B2ACB600176CCD /* CoreLocation.framework in Frameworks */ = {isa = PBXBuildFile; fileRef = 3AE7F0DF20B2ACB600176CCD /* CoreLocation.framework */; };
		3AE7F0E220B2ACC000176CCD /* CoreMotion.framework in Frameworks */ = {isa = PBXBuildFile; fileRef = 3AE7F0E120B2ACC000176CCD /* CoreMotion.framework */; };
		3AE7F0E420B2ACC700176CCD /* libc++.tbd in Frameworks */ = {isa = PBXBuildFile; fileRef = 3AE7F0E320B2ACC700176CCD /* libc++.tbd */; };
		3AE7F0E620B2ACCF00176CCD /* libz.tbd in Frameworks */ = {isa = PBXBuildFile; fileRef = 3AE7F0E520B2ACCF00176CCD /* libz.tbd */; };
		FCC6C2A652020D624641D7BC /* Pods_ios_swift_app_bridgingExample.framework in Frameworks */ = {isa = PBXBuildFile; fileRef = C77EFE64AAEA6799ECDC9EB6 /* Pods_ios_swift_app_bridgingExample.framework */; };
/* End PBXBuildFile section */

/* Begin PBXFileReference section */
		3A49F54820AF0AF100EAC4F9 /* ios-swift-app-bridgingExample.app */ = {isa = PBXFileReference; explicitFileType = wrapper.application; includeInIndex = 0; path = "ios-swift-app-bridgingExample.app"; sourceTree = BUILT_PRODUCTS_DIR; };
		3A49F54B20AF0AF100EAC4F9 /* AppDelegate.swift */ = {isa = PBXFileReference; lastKnownFileType = sourcecode.swift; path = AppDelegate.swift; sourceTree = "<group>"; };
		3A49F54D20AF0AF100EAC4F9 /* ViewController.swift */ = {isa = PBXFileReference; lastKnownFileType = sourcecode.swift; path = ViewController.swift; sourceTree = "<group>"; };
		3A49F55020AF0AF100EAC4F9 /* Base */ = {isa = PBXFileReference; lastKnownFileType = file.storyboard; name = Base; path = Base.lproj/Main.storyboard; sourceTree = "<group>"; };
		3A49F55220AF0AF200EAC4F9 /* Assets.xcassets */ = {isa = PBXFileReference; lastKnownFileType = folder.assetcatalog; path = Assets.xcassets; sourceTree = "<group>"; };
		3A49F55520AF0AF200EAC4F9 /* Base */ = {isa = PBXFileReference; lastKnownFileType = file.storyboard; name = Base; path = Base.lproj/LaunchScreen.storyboard; sourceTree = "<group>"; };
		3A49F55720AF0AF200EAC4F9 /* Info.plist */ = {isa = PBXFileReference; lastKnownFileType = text.plist.xml; path = Info.plist; sourceTree = "<group>"; };
		3A54DBD1213418C500D44275 /* SitumSDK.framework */ = {isa = PBXFileReference; lastKnownFileType = wrapper.framework; path = SitumSDK.framework; sourceTree = "<group>"; };
		3AE7F0DF20B2ACB600176CCD /* CoreLocation.framework */ = {isa = PBXFileReference; lastKnownFileType = wrapper.framework; name = CoreLocation.framework; path = System/Library/Frameworks/CoreLocation.framework; sourceTree = SDKROOT; };
		3AE7F0E120B2ACC000176CCD /* CoreMotion.framework */ = {isa = PBXFileReference; lastKnownFileType = wrapper.framework; name = CoreMotion.framework; path = System/Library/Frameworks/CoreMotion.framework; sourceTree = SDKROOT; };
		3AE7F0E320B2ACC700176CCD /* libc++.tbd */ = {isa = PBXFileReference; lastKnownFileType = "sourcecode.text-based-dylib-definition"; name = "libc++.tbd"; path = "usr/lib/libc++.tbd"; sourceTree = SDKROOT; };
		3AE7F0E520B2ACCF00176CCD /* libz.tbd */ = {isa = PBXFileReference; lastKnownFileType = "sourcecode.text-based-dylib-definition"; name = libz.tbd; path = usr/lib/libz.tbd; sourceTree = SDKROOT; };
		3AE7F0F020B2B68200176CCD /* bridge.h */ = {isa = PBXFileReference; lastKnownFileType = sourcecode.c.h; path = bridge.h; sourceTree = "<group>"; };
		3C4C73FFBF33929E2706102B /* Pods-ios-swift-app-bridgingExample.release.xcconfig */ = {isa = PBXFileReference; includeInIndex = 1; lastKnownFileType = text.xcconfig; name = "Pods-ios-swift-app-bridgingExample.release.xcconfig"; path = "Pods/Target Support Files/Pods-ios-swift-app-bridgingExample/Pods-ios-swift-app-bridgingExample.release.xcconfig"; sourceTree = "<group>"; };
		9C0A9E53E8797547B0E3DC12 /* Pods-ios-swift-app-bridgingExample.debug.xcconfig */ = {isa = PBXFileReference; includeInIndex = 1; lastKnownFileType = text.xcconfig; name = "Pods-ios-swift-app-bridgingExample.debug.xcconfig"; path = "Pods/Target Support Files/Pods-ios-swift-app-bridgingExample/Pods-ios-swift-app-bridgingExample.debug.xcconfig"; sourceTree = "<group>"; };
		C77EFE64AAEA6799ECDC9EB6 /* Pods_ios_swift_app_bridgingExample.framework */ = {isa = PBXFileReference; explicitFileType = wrapper.framework; includeInIndex = 0; path = Pods_ios_swift_app_bridgingExample.framework; sourceTree = BUILT_PRODUCTS_DIR; };
/* End PBXFileReference section */

/* Begin PBXFrameworksBuildPhase section */
		3A49F54520AF0AF100EAC4F9 /* Frameworks */ = {
			isa = PBXFrameworksBuildPhase;
			buildActionMask = 2147483647;
			files = (
				3AE7F0E620B2ACCF00176CCD /* libz.tbd in Frameworks */,
				3AE7F0E420B2ACC700176CCD /* libc++.tbd in Frameworks */,
				3AE7F0E220B2ACC000176CCD /* CoreMotion.framework in Frameworks */,
				3A54DBD2213418C500D44275 /* SitumSDK.framework in Frameworks */,
				3AE7F0E020B2ACB600176CCD /* CoreLocation.framework in Frameworks */,
				FCC6C2A652020D624641D7BC /* Pods_ios_swift_app_bridgingExample.framework in Frameworks */,
			);
			runOnlyForDeploymentPostprocessing = 0;
		};
/* End PBXFrameworksBuildPhase section */

/* Begin PBXGroup section */
		367ABAA1AC6315E993221BF1 /* Pods */ = {
			isa = PBXGroup;
			children = (
				9C0A9E53E8797547B0E3DC12 /* Pods-ios-swift-app-bridgingExample.debug.xcconfig */,
				3C4C73FFBF33929E2706102B /* Pods-ios-swift-app-bridgingExample.release.xcconfig */,
			);
			name = Pods;
			sourceTree = "<group>";
		};
		3A49F53F20AF0AF100EAC4F9 = {
			isa = PBXGroup;
			children = (
				3A49F54A20AF0AF100EAC4F9 /* ios-swift-app-bridgingExample */,
				3A49F54920AF0AF100EAC4F9 /* Products */,
				3AE7F0DE20B2ACB600176CCD /* Frameworks */,
				367ABAA1AC6315E993221BF1 /* Pods */,
			);
			sourceTree = "<group>";
		};
		3A49F54920AF0AF100EAC4F9 /* Products */ = {
			isa = PBXGroup;
			children = (
				3A49F54820AF0AF100EAC4F9 /* ios-swift-app-bridgingExample.app */,
			);
			name = Products;
			sourceTree = "<group>";
		};
		3A49F54A20AF0AF100EAC4F9 /* ios-swift-app-bridgingExample */ = {
			isa = PBXGroup;
			children = (
				3A49F55220AF0AF200EAC4F9 /* Assets.xcassets */,
				3A49F54B20AF0AF100EAC4F9 /* AppDelegate.swift */,
				3A49F54D20AF0AF100EAC4F9 /* ViewController.swift */,
				3A49F54F20AF0AF100EAC4F9 /* Main.storyboard */,
				3A49F55420AF0AF200EAC4F9 /* LaunchScreen.storyboard */,
				3A49F55720AF0AF200EAC4F9 /* Info.plist */,
				3AE7F0F020B2B68200176CCD /* bridge.h */,
			);
			path = "ios-swift-app-bridgingExample";
			sourceTree = "<group>";
		};
		3AE7F0DE20B2ACB600176CCD /* Frameworks */ = {
			isa = PBXGroup;
			children = (
				3AE7F0E520B2ACCF00176CCD /* libz.tbd */,
				3AE7F0E320B2ACC700176CCD /* libc++.tbd */,
				3A54DBD1213418C500D44275 /* SitumSDK.framework */,
				3AE7F0E120B2ACC000176CCD /* CoreMotion.framework */,
				3AE7F0DF20B2ACB600176CCD /* CoreLocation.framework */,
				C77EFE64AAEA6799ECDC9EB6 /* Pods_ios_swift_app_bridgingExample.framework */,
			);
			name = Frameworks;
			sourceTree = "<group>";
		};
/* End PBXGroup section */

/* Begin PBXNativeTarget section */
		3A49F54720AF0AF100EAC4F9 /* ios-swift-app-bridgingExample */ = {
			isa = PBXNativeTarget;
			buildConfigurationList = 3A49F55A20AF0AF200EAC4F9 /* Build configuration list for PBXNativeTarget "ios-swift-app-bridgingExample" */;
			buildPhases = (
				C82B76F66304F59E6339E914 /* [CP] Check Pods Manifest.lock */,
				3A49F54420AF0AF100EAC4F9 /* Sources */,
				3A49F54520AF0AF100EAC4F9 /* Frameworks */,
				3A49F54620AF0AF100EAC4F9 /* Resources */,
			);
			buildRules = (
			);
			dependencies = (
			);
			name = "ios-swift-app-bridgingExample";
			productName = swift_definitive;
			productReference = 3A49F54820AF0AF100EAC4F9 /* ios-swift-app-bridgingExample.app */;
			productType = "com.apple.product-type.application";
		};
/* End PBXNativeTarget section */

/* Begin PBXProject section */
		3A49F54020AF0AF100EAC4F9 /* Project object */ = {
			isa = PBXProject;
			attributes = {
				LastSwiftUpdateCheck = 0930;
				LastUpgradeCheck = 0930;
				ORGANIZATIONNAME = "Adrián Rodríguez";
				TargetAttributes = {
					3A49F54720AF0AF100EAC4F9 = {
						CreatedOnToolsVersion = 9.3.1;
						DevelopmentTeam = ACLL2M4T26;
						ProvisioningStyle = Automatic;
						SystemCapabilities = {
							com.apple.BackgroundModes = {
								enabled = 0;
							};
							com.apple.NetworkExtensions.iOS = {
								enabled = 0;
							};
							com.apple.WAC = {
								enabled = 0;
							};
						};
					};
				};
			};
			buildConfigurationList = 3A49F54320AF0AF100EAC4F9 /* Build configuration list for PBXProject "ios-swift-app-bridgingExample" */;
			compatibilityVersion = "Xcode 3.2";
			developmentRegion = en;
			hasScannedForEncodings = 0;
			knownRegions = (
				en,
				Base,
			);
			mainGroup = 3A49F53F20AF0AF100EAC4F9;
			productRefGroup = 3A49F54920AF0AF100EAC4F9 /* Products */;
			projectDirPath = "";
			projectRoot = "";
			targets = (
				3A49F54720AF0AF100EAC4F9 /* ios-swift-app-bridgingExample */,
			);
		};
/* End PBXProject section */

/* Begin PBXResourcesBuildPhase section */
		3A49F54620AF0AF100EAC4F9 /* Resources */ = {
			isa = PBXResourcesBuildPhase;
			buildActionMask = 2147483647;
			files = (
				3A49F55620AF0AF200EAC4F9 /* LaunchScreen.storyboard in Resources */,
				3A49F55320AF0AF200EAC4F9 /* Assets.xcassets in Resources */,
				3A49F55120AF0AF100EAC4F9 /* Main.storyboard in Resources */,
			);
			runOnlyForDeploymentPostprocessing = 0;
		};
/* End PBXResourcesBuildPhase section */

/* Begin PBXShellScriptBuildPhase section */
		C82B76F66304F59E6339E914 /* [CP] Check Pods Manifest.lock */ = {
			isa = PBXShellScriptBuildPhase;
			buildActionMask = 2147483647;
			files = (
			);
			inputPaths = (
				"${PODS_PODFILE_DIR_PATH}/Podfile.lock",
				"${PODS_ROOT}/Manifest.lock",
			);
			name = "[CP] Check Pods Manifest.lock";
			outputPaths = (
				"$(DERIVED_FILE_DIR)/Pods-ios-swift-app-bridgingExample-checkManifestLockResult.txt",
			);
			runOnlyForDeploymentPostprocessing = 0;
			shellPath = /bin/sh;
			shellScript = "diff \"${PODS_PODFILE_DIR_PATH}/Podfile.lock\" \"${PODS_ROOT}/Manifest.lock\" > /dev/null\nif [ $? != 0 ] ; then\n    # print error to STDERR\n    echo \"error: The sandbox is not in sync with the Podfile.lock. Run 'pod install' or update your CocoaPods installation.\" >&2\n    exit 1\nfi\n# This output is used by Xcode 'outputs' to avoid re-running this script phase.\necho \"SUCCESS\" > \"${SCRIPT_OUTPUT_FILE_0}\"\n";
			showEnvVarsInLog = 0;
		};
/* End PBXShellScriptBuildPhase section */

/* Begin PBXSourcesBuildPhase section */
		3A49F54420AF0AF100EAC4F9 /* Sources */ = {
			isa = PBXSourcesBuildPhase;
			buildActionMask = 2147483647;
			files = (
				3A49F54E20AF0AF100EAC4F9 /* ViewController.swift in Sources */,
				3A49F54C20AF0AF100EAC4F9 /* AppDelegate.swift in Sources */,
			);
			runOnlyForDeploymentPostprocessing = 0;
		};
/* End PBXSourcesBuildPhase section */

/* Begin PBXVariantGroup section */
		3A49F54F20AF0AF100EAC4F9 /* Main.storyboard */ = {
			isa = PBXVariantGroup;
			children = (
				3A49F55020AF0AF100EAC4F9 /* Base */,
			);
			name = Main.storyboard;
			sourceTree = "<group>";
		};
		3A49F55420AF0AF200EAC4F9 /* LaunchScreen.storyboard */ = {
			isa = PBXVariantGroup;
			children = (
				3A49F55520AF0AF200EAC4F9 /* Base */,
			);
			name = LaunchScreen.storyboard;
			sourceTree = "<group>";
		};
/* End PBXVariantGroup section */

/* Begin XCBuildConfiguration section */
		3A49F55820AF0AF200EAC4F9 /* Debug */ = {
			isa = XCBuildConfiguration;
			buildSettings = {
				ALWAYS_SEARCH_USER_PATHS = NO;
				CLANG_ANALYZER_NONNULL = YES;
				CLANG_ANALYZER_NUMBER_OBJECT_CONVERSION = YES_AGGRESSIVE;
				CLANG_CXX_LANGUAGE_STANDARD = "gnu++14";
				CLANG_CXX_LIBRARY = "libc++";
				CLANG_ENABLE_MODULES = YES;
				CLANG_ENABLE_OBJC_ARC = YES;
				CLANG_ENABLE_OBJC_WEAK = YES;
				CLANG_WARN_BLOCK_CAPTURE_AUTORELEASING = YES;
				CLANG_WARN_BOOL_CONVERSION = YES;
				CLANG_WARN_COMMA = YES;
				CLANG_WARN_CONSTANT_CONVERSION = YES;
				CLANG_WARN_DEPRECATED_OBJC_IMPLEMENTATIONS = YES;
				CLANG_WARN_DIRECT_OBJC_ISA_USAGE = YES_ERROR;
				CLANG_WARN_DOCUMENTATION_COMMENTS = YES;
				CLANG_WARN_EMPTY_BODY = YES;
				CLANG_WARN_ENUM_CONVERSION = YES;
				CLANG_WARN_INFINITE_RECURSION = YES;
				CLANG_WARN_INT_CONVERSION = YES;
				CLANG_WARN_NON_LITERAL_NULL_CONVERSION = YES;
				CLANG_WARN_OBJC_IMPLICIT_RETAIN_SELF = YES;
				CLANG_WARN_OBJC_LITERAL_CONVERSION = YES;
				CLANG_WARN_OBJC_ROOT_CLASS = YES_ERROR;
				CLANG_WARN_RANGE_LOOP_ANALYSIS = YES;
				CLANG_WARN_STRICT_PROTOTYPES = YES;
				CLANG_WARN_SUSPICIOUS_MOVE = YES;
				CLANG_WARN_UNGUARDED_AVAILABILITY = YES_AGGRESSIVE;
				CLANG_WARN_UNREACHABLE_CODE = YES;
				CLANG_WARN__DUPLICATE_METHOD_MATCH = YES;
				CODE_SIGN_IDENTITY = "iPhone Developer";
				COPY_PHASE_STRIP = NO;
				DEBUG_INFORMATION_FORMAT = dwarf;
				ENABLE_STRICT_OBJC_MSGSEND = YES;
				ENABLE_TESTABILITY = YES;
				GCC_C_LANGUAGE_STANDARD = gnu11;
				GCC_DYNAMIC_NO_PIC = NO;
				GCC_NO_COMMON_BLOCKS = YES;
				GCC_OPTIMIZATION_LEVEL = 0;
				GCC_PREPROCESSOR_DEFINITIONS = (
					"DEBUG=1",
					"$(inherited)",
				);
				GCC_WARN_64_TO_32_BIT_CONVERSION = YES;
				GCC_WARN_ABOUT_RETURN_TYPE = YES_ERROR;
				GCC_WARN_UNDECLARED_SELECTOR = YES;
				GCC_WARN_UNINITIALIZED_AUTOS = YES_AGGRESSIVE;
				GCC_WARN_UNUSED_FUNCTION = YES;
				GCC_WARN_UNUSED_VARIABLE = YES;
				IPHONEOS_DEPLOYMENT_TARGET = 11.3;
				MTL_ENABLE_DEBUG_INFO = YES;
				ONLY_ACTIVE_ARCH = YES;
				SDKROOT = iphoneos;
				SWIFT_ACTIVE_COMPILATION_CONDITIONS = DEBUG;
				SWIFT_OPTIMIZATION_LEVEL = "-Onone";
			};
			name = Debug;
		};
		3A49F55920AF0AF200EAC4F9 /* Release */ = {
			isa = XCBuildConfiguration;
			buildSettings = {
				ALWAYS_SEARCH_USER_PATHS = NO;
				CLANG_ANALYZER_NONNULL = YES;
				CLANG_ANALYZER_NUMBER_OBJECT_CONVERSION = YES_AGGRESSIVE;
				CLANG_CXX_LANGUAGE_STANDARD = "gnu++14";
				CLANG_CXX_LIBRARY = "libc++";
				CLANG_ENABLE_MODULES = YES;
				CLANG_ENABLE_OBJC_ARC = YES;
				CLANG_ENABLE_OBJC_WEAK = YES;
				CLANG_WARN_BLOCK_CAPTURE_AUTORELEASING = YES;
				CLANG_WARN_BOOL_CONVERSION = YES;
				CLANG_WARN_COMMA = YES;
				CLANG_WARN_CONSTANT_CONVERSION = YES;
				CLANG_WARN_DEPRECATED_OBJC_IMPLEMENTATIONS = YES;
				CLANG_WARN_DIRECT_OBJC_ISA_USAGE = YES_ERROR;
				CLANG_WARN_DOCUMENTATION_COMMENTS = YES;
				CLANG_WARN_EMPTY_BODY = YES;
				CLANG_WARN_ENUM_CONVERSION = YES;
				CLANG_WARN_INFINITE_RECURSION = YES;
				CLANG_WARN_INT_CONVERSION = YES;
				CLANG_WARN_NON_LITERAL_NULL_CONVERSION = YES;
				CLANG_WARN_OBJC_IMPLICIT_RETAIN_SELF = YES;
				CLANG_WARN_OBJC_LITERAL_CONVERSION = YES;
				CLANG_WARN_OBJC_ROOT_CLASS = YES_ERROR;
				CLANG_WARN_RANGE_LOOP_ANALYSIS = YES;
				CLANG_WARN_STRICT_PROTOTYPES = YES;
				CLANG_WARN_SUSPICIOUS_MOVE = YES;
				CLANG_WARN_UNGUARDED_AVAILABILITY = YES_AGGRESSIVE;
				CLANG_WARN_UNREACHABLE_CODE = YES;
				CLANG_WARN__DUPLICATE_METHOD_MATCH = YES;
				CODE_SIGN_IDENTITY = "iPhone Developer";
				COPY_PHASE_STRIP = NO;
				DEBUG_INFORMATION_FORMAT = "dwarf-with-dsym";
				ENABLE_NS_ASSERTIONS = NO;
				ENABLE_STRICT_OBJC_MSGSEND = YES;
				GCC_C_LANGUAGE_STANDARD = gnu11;
				GCC_NO_COMMON_BLOCKS = YES;
				GCC_WARN_64_TO_32_BIT_CONVERSION = YES;
				GCC_WARN_ABOUT_RETURN_TYPE = YES_ERROR;
				GCC_WARN_UNDECLARED_SELECTOR = YES;
				GCC_WARN_UNINITIALIZED_AUTOS = YES_AGGRESSIVE;
				GCC_WARN_UNUSED_FUNCTION = YES;
				GCC_WARN_UNUSED_VARIABLE = YES;
				IPHONEOS_DEPLOYMENT_TARGET = 11.3;
				MTL_ENABLE_DEBUG_INFO = NO;
				SDKROOT = iphoneos;
				SWIFT_OPTIMIZATION_LEVEL = "-Owholemodule";
				VALIDATE_PRODUCT = YES;
			};
			name = Release;
		};
		3A49F55B20AF0AF200EAC4F9 /* Debug */ = {
			isa = XCBuildConfiguration;
			baseConfigurationReference = 9C0A9E53E8797547B0E3DC12 /* Pods-ios-swift-app-bridgingExample.debug.xcconfig */;
			buildSettings = {
				ASSETCATALOG_COMPILER_APPICON_NAME = AppIcon;
				CODE_SIGN_STYLE = Automatic;
				DEVELOPMENT_TEAM = ACLL2M4T26;
				ENABLE_BITCODE = NO;
				FRAMEWORK_SEARCH_PATHS = (
					"$(inherited)",
					"$(PROJECT_DIR)",
				);
				INFOPLIST_FILE = "ios-swift-app-bridgingExample/Info.plist";
				IPHONEOS_DEPLOYMENT_TARGET = 11.0;
				LD_RUNPATH_SEARCH_PATHS = "$(inherited) @executable_path/Frameworks";
				OTHER_LDFLAGS = "$(inherited)";
				PRODUCT_BUNDLE_IDENTIFIER = "situm.ios-swift-app-bridgingExample";
				PRODUCT_NAME = "$(TARGET_NAME)";
				SWIFT_OBJC_BRIDGING_HEADER = "ios-swift-app-bridgingExample/bridge.h";
				SWIFT_PRECOMPILE_BRIDGING_HEADER = YES;
				SWIFT_VERSION = 4.0;
				TARGETED_DEVICE_FAMILY = "1,2";
			};
			name = Debug;
		};
		3A49F55C20AF0AF200EAC4F9 /* Release */ = {
			isa = XCBuildConfiguration;
			baseConfigurationReference = 3C4C73FFBF33929E2706102B /* Pods-ios-swift-app-bridgingExample.release.xcconfig */;
			buildSettings = {
				ASSETCATALOG_COMPILER_APPICON_NAME = AppIcon;
				CODE_SIGN_STYLE = Automatic;
				DEVELOPMENT_TEAM = ACLL2M4T26;
				ENABLE_BITCODE = NO;
				FRAMEWORK_SEARCH_PATHS = (
					"$(inherited)",
					"$(PROJECT_DIR)",
				);
				INFOPLIST_FILE = "ios-swift-app-bridgingExample/Info.plist";
				IPHONEOS_DEPLOYMENT_TARGET = 11.0;
				LD_RUNPATH_SEARCH_PATHS = "$(inherited) @executable_path/Frameworks";
				OTHER_LDFLAGS = "$(inherited)";
				PRODUCT_BUNDLE_IDENTIFIER = "situm.ios-swift-app-bridgingExample";
				PRODUCT_NAME = "$(TARGET_NAME)";
				SWIFT_OBJC_BRIDGING_HEADER = "ios-swift-app-bridgingExample/bridge.h";
				SWIFT_PRECOMPILE_BRIDGING_HEADER = YES;
				SWIFT_VERSION = 4.0;
				TARGETED_DEVICE_FAMILY = "1,2";
			};
			name = Release;
		};
/* End XCBuildConfiguration section */

/* Begin XCConfigurationList section */
		3A49F54320AF0AF100EAC4F9 /* Build configuration list for PBXProject "ios-swift-app-bridgingExample" */ = {
			isa = XCConfigurationList;
			buildConfigurations = (
				3A49F55820AF0AF200EAC4F9 /* Debug */,
				3A49F55920AF0AF200EAC4F9 /* Release */,
			);
			defaultConfigurationIsVisible = 0;
			defaultConfigurationName = Release;
		};
		3A49F55A20AF0AF200EAC4F9 /* Build configuration list for PBXNativeTarget "ios-swift-app-bridgingExample" */ = {
			isa = XCConfigurationList;
			buildConfigurations = (
				3A49F55B20AF0AF200EAC4F9 /* Debug */,
				3A49F55C20AF0AF200EAC4F9 /* Release */,
			);
			defaultConfigurationIsVisible = 0;
			defaultConfigurationName = Release;
		};
/* End XCConfigurationList section */
	};
	rootObject = 3A49F54020AF0AF100EAC4F9 /* Project object */;
}
